
Microsoft Visual Studio Solution File, Format Version 12.00
# Visual Studio Version 17
VisualStudioVersion = 17.3.32901.215
MinimumVisualStudioVersion = 10.0.40219.1
Project("{9A19103F-16F7-4668-BE54-9A1E7A4F7556}") = "Icarus.App", "IcarusProject\Icarus.App.csproj", "{D6B14037-457B-4EC8-95DE-2D9E3D56317D}"
EndProject
Project("{9A19103F-16F7-4668-BE54-9A1E7A4F7556}") = "Icarus.Application", "Icarus.Application\Icarus.Application.csproj", "{D1B9B0C6-25A0-40C3-9CBA-90C949C8B87C}"
EndProject
Project("{9A19103F-16F7-4668-BE54-9A1E7A4F7556}") = "Icarus.Domain", "Icarus.Domain\Icarus.Domain.csproj", "{BC9783EE-706E-46AE-B27D-BE337DBBF367}"
EndProject
Project("{9A19103F-16F7-4668-BE54-9A1E7A4F7556}") = "Icarus.Infrastructure", "Icarus.Infrastructure\Icarus.Infrastructure.csproj", "{2116080D-4E6D-4A6B-876D-27171C3E842D}"
EndProject
Project("{9A19103F-16F7-4668-BE54-9A1E7A4F7556}") = "Icarus.Persistence", "Icarus.Persistence\Icarus.Persistence.csproj", "{DDCAEB1C-12CB-49E9-86E1-713A27B8A1D9}"
EndProject
Project("{9A19103F-16F7-4668-BE54-9A1E7A4F7556}") = "Icarus.Presentation", "Icarus.Presentation\Icarus.Presentation.csproj", "{A8C1A707-0B42-4A79-A2B1-5F82DE525D8E}"
EndProject
Project("{FAE04EC0-301F-11D3-BF4B-00C04F79EFBC}") = "Icarus.Architecture.UnitTests", "Icarus.Architecture.UnitTests\Icarus.Architecture.UnitTests.csproj", "{2810A379-004D-4615-9802-09C38C289D93}"
EndProject
Project("{2150E333-8FDC-42A3-9474-1A3956D46DE8}") = "src", "src", "{1B5C2DED-D1AB-45DD-84B7-6F84B979891D}"
EndProject
Project("{2150E333-8FDC-42A3-9474-1A3956D46DE8}") = "test", "test", "{9D97E291-6CC5-40CF-830B-057F0938F3A1}"
EndProject
Project("{FAE04EC0-301F-11D3-BF4B-00C04F79EFBC}") = "Icarus.Application.UnitTests", "Icarus.Application.UnitTests\Icarus.Application.UnitTests.csproj", "{36EA1638-48DF-4BDB-B14A-D0D2953F7464}"
EndProject
Global
	GlobalSection(SolutionConfigurationPlatforms) = preSolution
		Debug|Any CPU = Debug|Any CPU
		Release|Any CPU = Release|Any CPU
	EndGlobalSection
	GlobalSection(ProjectConfigurationPlatforms) = postSolution
		{D6B14037-457B-4EC8-95DE-2D9E3D56317D}.Debug|Any CPU.ActiveCfg = Debug|Any CPU
		{D6B14037-457B-4EC8-95DE-2D9E3D56317D}.Debug|Any CPU.Build.0 = Debug|Any CPU
		{D6B14037-457B-4EC8-95DE-2D9E3D56317D}.Release|Any CPU.ActiveCfg = Release|Any CPU
		{D6B14037-457B-4EC8-95DE-2D9E3D56317D}.Release|Any CPU.Build.0 = Release|Any CPU
		{D1B9B0C6-25A0-40C3-9CBA-90C949C8B87C}.Debug|Any CPU.ActiveCfg = Debug|Any CPU
		{D1B9B0C6-25A0-40C3-9CBA-90C949C8B87C}.Debug|Any CPU.Build.0 = Debug|Any CPU
		{D1B9B0C6-25A0-40C3-9CBA-90C949C8B87C}.Release|Any CPU.ActiveCfg = Release|Any CPU
		{D1B9B0C6-25A0-40C3-9CBA-90C949C8B87C}.Release|Any CPU.Build.0 = Release|Any CPU
		{BC9783EE-706E-46AE-B27D-BE337DBBF367}.Debug|Any CPU.ActiveCfg = Debug|Any CPU
		{BC9783EE-706E-46AE-B27D-BE337DBBF367}.Debug|Any CPU.Build.0 = Debug|Any CPU
		{BC9783EE-706E-46AE-B27D-BE337DBBF367}.Release|Any CPU.ActiveCfg = Release|Any CPU
		{BC9783EE-706E-46AE-B27D-BE337DBBF367}.Release|Any CPU.Build.0 = Release|Any CPU
		{2116080D-4E6D-4A6B-876D-27171C3E842D}.Debug|Any CPU.ActiveCfg = Debug|Any CPU
		{2116080D-4E6D-4A6B-876D-27171C3E842D}.Debug|Any CPU.Build.0 = Debug|Any CPU
		{2116080D-4E6D-4A6B-876D-27171C3E842D}.Release|Any CPU.ActiveCfg = Release|Any CPU
		{2116080D-4E6D-4A6B-876D-27171C3E842D}.Release|Any CPU.Build.0 = Release|Any CPU
		{DDCAEB1C-12CB-49E9-86E1-713A27B8A1D9}.Debug|Any CPU.ActiveCfg = Debug|Any CPU
		{DDCAEB1C-12CB-49E9-86E1-713A27B8A1D9}.Debug|Any CPU.Build.0 = Debug|Any CPU
		{DDCAEB1C-12CB-49E9-86E1-713A27B8A1D9}.Release|Any CPU.ActiveCfg = Release|Any CPU
		{DDCAEB1C-12CB-49E9-86E1-713A27B8A1D9}.Release|Any CPU.Build.0 = Release|Any CPU
		{A8C1A707-0B42-4A79-A2B1-5F82DE525D8E}.Debug|Any CPU.ActiveCfg = Debug|Any CPU
		{A8C1A707-0B42-4A79-A2B1-5F82DE525D8E}.Debug|Any CPU.Build.0 = Debug|Any CPU
		{A8C1A707-0B42-4A79-A2B1-5F82DE525D8E}.Release|Any CPU.ActiveCfg = Release|Any CPU
		{A8C1A707-0B42-4A79-A2B1-5F82DE525D8E}.Release|Any CPU.Build.0 = Release|Any CPU
		{2810A379-004D-4615-9802-09C38C289D93}.Debug|Any CPU.ActiveCfg = Debug|Any CPU
		{2810A379-004D-4615-9802-09C38C289D93}.Debug|Any CPU.Build.0 = Debug|Any CPU
		{2810A379-004D-4615-9802-09C38C289D93}.Release|Any CPU.ActiveCfg = Release|Any CPU
		{2810A379-004D-4615-9802-09C38C289D93}.Release|Any CPU.Build.0 = Release|Any CPU
		{36EA1638-48DF-4BDB-B14A-D0D2953F7464}.Debug|Any CPU.ActiveCfg = Debug|Any CPU
		{36EA1638-48DF-4BDB-B14A-D0D2953F7464}.Debug|Any CPU.Build.0 = Debug|Any CPU
		{36EA1638-48DF-4BDB-B14A-D0D2953F7464}.Release|Any CPU.ActiveCfg = Release|Any CPU
		{36EA1638-48DF-4BDB-B14A-D0D2953F7464}.Release|Any CPU.Build.0 = Release|Any CPU
	EndGlobalSection
	GlobalSection(SolutionProperties) = preSolution
		HideSolutionNode = FALSE
	EndGlobalSection
	GlobalSection(NestedProjects) = preSolution
		{D6B14037-457B-4EC8-95DE-2D9E3D56317D} = {1B5C2DED-D1AB-45DD-84B7-6F84B979891D}
		{D1B9B0C6-25A0-40C3-9CBA-90C949C8B87C} = {1B5C2DED-D1AB-45DD-84B7-6F84B979891D}
		{BC9783EE-706E-46AE-B27D-BE337DBBF367} = {1B5C2DED-D1AB-45DD-84B7-6F84B979891D}
		{2116080D-4E6D-4A6B-876D-27171C3E842D} = {1B5C2DED-D1AB-45DD-84B7-6F84B979891D}
		{DDCAEB1C-12CB-49E9-86E1-713A27B8A1D9} = {1B5C2DED-D1AB-45DD-84B7-6F84B979891D}
		{A8C1A707-0B42-4A79-A2B1-5F82DE525D8E} = {1B5C2DED-D1AB-45DD-84B7-6F84B979891D}
		{2810A379-004D-4615-9802-09C38C289D93} = {9D97E291-6CC5-40CF-830B-057F0938F3A1}
		{36EA1638-48DF-4BDB-B14A-D0D2953F7464} = {9D97E291-6CC5-40CF-830B-057F0938F3A1}
	EndGlobalSection
	GlobalSection(ExtensibilityGlobals) = postSolution
		SolutionGuid = {8EDC6390-B8DF-4415-A928-DB612C355015}
	EndGlobalSection
EndGlobal
